// !$*UTF8*$!
{
	archiveVersion = 1;
	classes = {
	};
	objectVersion = 46;
	objects = {

/* Begin PBXBuildFile section */
		CC53E5BD1D2D571500595100 /* main.m in Sources */ = {isa = PBXBuildFile; fileRef = CC53E5BC1D2D571500595100 /* main.m */; };
		CC53E5C01D2D571500595100 /* AppDelegate.m in Sources */ = {isa = PBXBuildFile; fileRef = CC53E5BF1D2D571500595100 /* AppDelegate.m */; };
		CC53E5C31D2D571500595100 /* ViewController.m in Sources */ = {isa = PBXBuildFile; fileRef = CC53E5C21D2D571500595100 /* ViewController.m */; };
		CC53E5C61D2D571500595100 /* Main.storyboard in Resources */ = {isa = PBXBuildFile; fileRef = CC53E5C41D2D571500595100 /* Main.storyboard */; };
		CC53E5C81D2D571500595100 /* Assets.xcassets in Resources */ = {isa = PBXBuildFile; fileRef = CC53E5C71D2D571500595100 /* Assets.xcassets */; };
		CC53E5CB1D2D571500595100 /* LaunchScreen.storyboard in Resources */ = {isa = PBXBuildFile; fileRef = CC53E5C91D2D571500595100 /* LaunchScreen.storyboard */; };
		CC53E5D41D2D577E00595100 /* HeaderView.m in Sources */ = {isa = PBXBuildFile; fileRef = CC53E5D31D2D577E00595100 /* HeaderView.m */; };
		CC53E5D61D2D579700595100 /* HeaderView.xib in Resources */ = {isa = PBXBuildFile; fileRef = CC53E5D51D2D579700595100 /* HeaderView.xib */; };
/* End PBXBuildFile section */

/* Begin PBXFileReference section */
		CC53E5B81D2D571500595100 /* FoldAnimation.app */ = {isa = PBXFileReference; explicitFileType = wrapper.application; includeInIndex = 0; path = FoldAnimation.app; sourceTree = BUILT_PRODUCTS_DIR; };
		CC53E5BC1D2D571500595100 /* main.m */ = {isa = PBXFileReference; lastKnownFileType = sourcecode.c.objc; path = main.m; sourceTree = "<group>"; };
		CC53E5BE1D2D571500595100 /* AppDelegate.h */ = {isa = PBXFileReference; lastKnownFileType = sourcecode.c.h; path = AppDelegate.h; sourceTree = "<group>"; };
		CC53E5BF1D2D571500595100 /* AppDelegate.m */ = {isa = PBXFileReference; lastKnownFileType = sourcecode.c.objc; path = AppDelegate.m; sourceTree = "<group>"; };
		CC53E5C11D2D571500595100 /* ViewController.h */ = {isa = PBXFileReference; lastKnownFileType = sourcecode.c.h; path = ViewController.h; sourceTree = "<group>"; };
		CC53E5C21D2D571500595100 /* ViewController.m */ = {isa = PBXFileReference; lastKnownFileType = sourcecode.c.objc; path = ViewController.m; sourceTree = "<group>"; };
		CC53E5C51D2D571500595100 /* Base */ = {isa = PBXFileReference; lastKnownFileType = file.storyboard; name = Base; path = Base.lproj/Main.storyboard; sourceTree = "<group>"; };
		CC53E5C71D2D571500595100 /* Assets.xcassets */ = {isa = PBXFileReference; lastKnownFileType = folder.assetcatalog; path = Assets.xcassets; sourceTree = "<group>"; };
		CC53E5CA1D2D571500595100 /* Base */ = {isa = PBXFileReference; lastKnownFileType = file.storyboard; name = Base; path = Base.lproj/LaunchScreen.storyboard; sourceTree = "<group>"; };
		CC53E5CC1D2D571500595100 /* Info.plist */ = {isa = PBXFileReference; lastKnownFileType = text.plist.xml; path = Info.plist; sourceTree = "<group>"; };
		CC53E5D21D2D577E00595100 /* HeaderView.h */ = {isa = PBXFileReference; fileEncoding = 4; lastKnownFileType = sourcecode.c.h; path = HeaderView.h; sourceTree = "<group>"; };
		CC53E5D31D2D577E00595100 /* HeaderView.m */ = {isa = PBXFileReference; fileEncoding = 4; lastKnownFileType = sourcecode.c.objc; path = HeaderView.m; sourceTree = "<group>"; };
		CC53E5D51D2D579700595100 /* HeaderView.xib */ = {isa = PBXFileReference; fileEncoding = 4; lastKnownFileType = file.xib; name = HeaderView.xib; path = Assets.xcassets/HeaderView.xib; sourceTree = "<group>"; };
/* End PBXFileReference section */

/* Begin PBXFrameworksBuildPhase section */
		CC53E5B51D2D571500595100 /* Frameworks */ = {
			isa = PBXFrameworksBuildPhase;
			buildActionMask = 2147483647;
			files = (
			);
			runOnlyForDeploymentPostprocessing = 0;
		};
/* End PBXFrameworksBuildPhase section */

/* Begin PBXGroup section */
		CC53E5AF1D2D571500595100 = {
			isa = PBXGroup;
			children = (
				CC53E5BA1D2D571500595100 /* FoldAnimation */,
				CC53E5B91D2D571500595100 /* Products */,
			);
			sourceTree = "<group>";
		};
		CC53E5B91D2D571500595100 /* Products */ = {
			isa = PBXGroup;
			children = (
				CC53E5B81D2D571500595100 /* FoldAnimation.app */,
			);
			name = Products;
			sourceTree = "<group>";
		};
		CC53E5BA1D2D571500595100 /* FoldAnimation */ = {
			isa = PBXGroup;
			children = (
				CC53E5BE1D2D571500595100 /* AppDelegate.h */,
				CC53E5BF1D2D571500595100 /* AppDelegate.m */,
				CC53E5C11D2D571500595100 /* ViewController.h */,
				CC53E5C21D2D571500595100 /* ViewController.m */,
				CC53E5D71D2D5ED100595100 /* 头部视图 */,
				CC53E5C41D2D571500595100 /* Main.storyboard */,
				CC53E5C71D2D571500595100 /* Assets.xcassets */,
				CC53E5C91D2D571500595100 /* LaunchScreen.storyboard */,
				CC53E5CC1D2D571500595100 /* Info.plist */,
				CC53E5BB1D2D571500595100 /* Supporting Files */,
			);
			path = FoldAnimation;
			sourceTree = "<group>";
		};
		CC53E5BB1D2D571500595100 /* Supporting Files */ = {
			isa = PBXGroup;
			children = (
				CC53E5BC1D2D571500595100 /* main.m */,
			);
			name = "Supporting Files";
			sourceTree = "<group>";
		};
		CC53E5D71D2D5ED100595100 /* 头部视图 */ = {
			isa = PBXGroup;
			children = (
				CC53E5D51D2D579700595100 /* HeaderView.xib */,
				CC53E5D21D2D577E00595100 /* HeaderView.h */,
				CC53E5D31D2D577E00595100 /* HeaderView.m */,
			);
			name = "头部视图";
			sourceTree = "<group>";
		};
/* End PBXGroup section */

/* Begin PBXNativeTarget section */
		CC53E5B71D2D571500595100 /* FoldAnimation */ = {
			isa = PBXNativeTarget;
			buildConfigurationList = CC53E5CF1D2D571500595100 /* Build configuration list for PBXNativeTarget "FoldAnimation" */;
			buildPhases = (
				CC53E5B41D2D571500595100 /* Sources */,
				CC53E5B51D2D571500595100 /* Frameworks */,
				CC53E5B61D2D571500595100 /* Resources */,
			);
			buildRules = (
			);
			dependencies = (
			);
			name = FoldAnimation;
			productName = FoldAnimation;
			productReference = CC53E5B81D2D571500595100 /* FoldAnimation.app */;
			productType = "com.apple.product-type.application";
		};
/* End PBXNativeTarget section */

/* Begin PBXProject section */
		CC53E5B01D2D571500595100 /* Project object */ = {
			isa = PBXProject;
			attributes = {
				LastUpgradeCheck = 0730;
				ORGANIZATIONNAME = Chris;
				TargetAttributes = {
					CC53E5B71D2D571500595100 = {
						CreatedOnToolsVersion = 7.3;
						DevelopmentTeam = TBX22VE2Q6;
					};
				};
			};
			buildConfigurationList = CC53E5B31D2D571500595100 /* Build configuration list for PBXProject "FoldAnimation" */;
			compatibilityVersion = "Xcode 3.2";
			developmentRegion = English;
			hasScannedForEncodings = 0;
			knownRegions = (
				en,
				Base,
			);
			mainGroup = CC53E5AF1D2D571500595100;
			productRefGroup = CC53E5B91D2D571500595100 /* Products */;
			projectDirPath = "";
			projectRoot = "";
			targets = (
				CC53E5B71D2D571500595100 /* FoldAnimation */,
			);
		};
/* End PBXProject section */

/* Begin PBXResourcesBuildPhase section */
		CC53E5B61D2D571500595100 /* Resources */ = {
			isa = PBXResourcesBuildPhase;
			buildActionMask = 2147483647;
			files = (
				CC53E5CB1D2D571500595100 /* LaunchScreen.storyboard in Resources */,
				CC53E5C81D2D571500595100 /* Assets.xcassets in Resources */,
				CC53E5C61D2D571500595100 /* Main.storyboard in Resources */,
				CC53E5D61D2D579700595100 /* HeaderView.xib in Resources */,
			);
			runOnlyForDeploymentPostprocessing = 0;
		};
/* End PBXResourcesBuildPhase section */

/* Begin PBXSourcesBuildPhase section */
		CC53E5B41D2D571500595100 /* Sources */ = {
			isa = PBXSourcesBuildPhase;
			buildActionMask = 2147483647;
			files = (
				CC53E5C31D2D571500595100 /* ViewController.m in Sources */,
				CC53E5C01D2D571500595100 /* AppDelegate.m in Sources */,
				CC53E5BD1D2D571500595100 /* main.m in Sources */,
				CC53E5D41D2D577E00595100 /* HeaderView.m in Sources */,
			);
			runOnlyForDeploymentPostprocessing = 0;
		};
/* End PBXSourcesBuildPhase section */

/* Begin PBXVariantGroup section */
		CC53E5C41D2D571500595100 /* Main.storyboard */ = {
			isa = PBXVariantGroup;
			children = (
				CC53E5C51D2D571500595100 /* Base */,
			);
			name = Main.storyboard;
			sourceTree = "<group>";
		};
		CC53E5C91D2D571500595100 /* LaunchScreen.storyboard */ = {
			isa = PBXVariantGroup;
			children = (
				CC53E5CA1D2D571500595100 /* Base */,
			);
			name = LaunchScreen.storyboard;
			sourceTree = "<group>";
		};
/* End PBXVariantGroup section */

/* Begin XCBuildConfiguration section */
		CC53E5CD1D2D571500595100 /* Debug */ = {
			isa = XCBuildConfiguration;
			buildSettings = {
				ALWAYS_SEARCH_USER_PATHS = NO;
				CLANG_ANALYZER_NONNULL = YES;
				CLANG_CXX_LANGUAGE_STANDARD = "gnu++0x";
				CLANG_CXX_LIBRARY = "libc++";
				CLANG_ENABLE_MODULES = YES;
				CLANG_ENABLE_OBJC_ARC = YES;
				CLANG_WARN_BOOL_CONVERSION = YES;
				CLANG_WARN_CONSTANT_CONVERSION = YES;
				CLANG_WARN_DIRECT_OBJC_ISA_USAGE = YES_ERROR;
				CLANG_WARN_EMPTY_BODY = YES;
				CLANG_WARN_ENUM_CONVERSION = YES;
				CLANG_WARN_INT_CONVERSION = YES;
				CLANG_WARN_OBJC_ROOT_CLASS = YES_ERROR;
				CLANG_WARN_UNREACHABLE_CODE = YES;
				CLANG_WARN__DUPLICATE_METHOD_MATCH = YES;
				"CODE_SIGN_IDENTITY[sdk=iphoneos*]" = "iPhone Developer";
				COPY_PHASE_STRIP = NO;
				DEBUG_INFORMATION_FORMAT = dwarf;
				ENABLE_STRICT_OBJC_MSGSEND = YES;
				ENABLE_TESTABILITY = YES;
				GCC_C_LANGUAGE_STANDARD = gnu99;
				GCC_DYNAMIC_NO_PIC = NO;
				GCC_NO_COMMON_BLOCKS = YES;
				GCC_OPTIMIZATION_LEVEL = 0;
				GCC_PREPROCESSOR_DEFINITIONS = (
					"DEBUG=1",
					"$(inherited)",
				);
				GCC_WARN_64_TO_32_BIT_CONVERSION = YES;
				GCC_WARN_ABOUT_RETURN_TYPE = YES_ERROR;
				GCC_WARN_UNDECLARED_SELECTOR = YES;
				GCC_WARN_UNINITIALIZED_AUTOS = YES_AGGRESSIVE;
				GCC_WARN_UNUSED_FUNCTION = YES;
				GCC_WARN_UNUSED_VARIABLE = YES;
				IPHONEOS_DEPLOYMENT_TARGET = 9.3;
				MTL_ENABLE_DEBUG_INFO = YES;
				ONLY_ACTIVE_ARCH = YES;
				SDKROOT = iphoneos;
			};
			name = Debug;
		};
		CC53E5CE1D2D571500595100 /* Release */ = {
			isa = XCBuildConfiguration;
			buildSettings = {
				ALWAYS_SEARCH_USER_PATHS = NO;
				CLANG_ANALYZER_NONNULL = YES;
				CLANG_CXX_LANGUAGE_STANDARD = "gnu++0x";
				CLANG_CXX_LIBRARY = "libc++";
				CLANG_ENABLE_MODULES = YES;
				CLANG_ENABLE_OBJC_ARC = YES;
				CLANG_WARN_BOOL_CONVERSION = YES;
				CLANG_WARN_CONSTANT_CONVERSION = YES;
				CLANG_WARN_DIRECT_OBJC_ISA_USAGE = YES_ERROR;
				CLANG_WARN_EMPTY_BODY = YES;
				CLANG_WARN_ENUM_CONVERSION = YES;
				CLANG_WARN_INT_CONVERSION = YES;
				CLANG_WARN_OBJC_ROOT_CLASS = YES_ERROR;
				CLANG_WARN_UNREACHABLE_CODE = YES;
				CLANG_WARN__DUPLICATE_METHOD_MATCH = YES;
				"CODE_SIGN_IDENTITY[sdk=iphoneos*]" = "iPhone Developer";
				COPY_PHASE_STRIP = NO;
				DEBUG_INFORMATION_FORMAT = "dwarf-with-dsym";
				ENABLE_NS_ASSERTIONS = NO;
				ENABLE_STRICT_OBJC_MSGSEND = YES;
				GCC_C_LANGUAGE_STANDARD = gnu99;
				GCC_NO_COMMON_BLOCKS = YES;
				GCC_WARN_64_TO_32_BIT_CONVERSION = YES;
				GCC_WARN_ABOUT_RETURN_TYPE = YES_ERROR;
				GCC_WARN_UNDECLARED_SELECTOR = YES;
				GCC_WARN_UNINITIALIZED_AUTOS = YES_AGGRESSIVE;
				GCC_WARN_UNUSED_FUNCTION = YES;
				GCC_WARN_UNUSED_VARIABLE = YES;
				IPHONEOS_DEPLOYMENT_TARGET = 9.3;
				MTL_ENABLE_DEBUG_INFO = NO;
				SDKROOT = iphoneos;
				VALIDATE_PRODUCT = YES;
			};
			name = Release;
		};
		CC53E5D01D2D571500595100 /* Debug */ = {
			isa = XCBuildConfiguration;
			buildSettings = {
				ASSETCATALOG_COMPILER_APPICON_NAME = AppIcon;
				INFOPLIST_FILE = FoldAnimation/Info.plist;
				LD_RUNPATH_SEARCH_PATHS = "$(inherited) @executable_path/Frameworks";
				PRODUCT_BUNDLE_IDENTIFIER = JP.FoldAnimation;
				PRODUCT_NAME = "$(TARGET_NAME)";
			};
			name = Debug;
		};
		CC53E5D11D2D571500595100 /* Release */ = {
			isa = XCBuildConfiguration;
			buildSettings = {
				ASSETCATALOG_COMPILER_APPICON_NAME = AppIcon;
				INFOPLIST_FILE = FoldAnimation/Info.plist;
				LD_RUNPATH_SEARCH_PATHS = "$(inherited) @executable_path/Frameworks";
				PRODUCT_BUNDLE_IDENTIFIER = JP.FoldAnimation;
				PRODUCT_NAME = "$(TARGET_NAME)";
			};
			name = Release;
		};
/* End XCBuildConfiguration section */

/* Begin XCConfigurationList section */
		CC53E5B31D2D571500595100 /* Build configuration list for PBXProject "FoldAnimation" */ = {
			isa = XCConfigurationList;
			buildConfigurations = (
				CC53E5CD1D2D571500595100 /* Debug */,
				CC53E5CE1D2D571500595100 /* Release */,
			);
			defaultConfigurationIsVisible = 0;
			defaultConfigurationName = Release;
		};
		CC53E5CF1D2D571500595100 /* Build configuration list for PBXNativeTarget "FoldAnimation" */ = {
			isa = XCConfigurationList;
			buildConfigurations = (
				CC53E5D01D2D571500595100 /* Debug */,
				CC53E5D11D2D571500595100 /* Release */,
			);
			defaultConfigurationIsVisible = 0;
		};
/* End XCConfigurationList section */
	};
	rootObject = CC53E5B01D2D571500595100 /* Project object */;
}
